
Microsoft Visual Studio Solution File, Format Version 12.00
# Visual Studio Version 17
VisualStudioVersion = 17.11.35219.272
MinimumVisualStudioVersion = 10.0.40219.1
Project("{9A19103F-16F7-4668-BE54-9A1E7A4F7556}") = "Events.Api", "Events.Api\Events.Api.csproj", "{91A351DA-0104-4473-BCCC-E6492C6384BB}"
EndProject
Project("{FAE04EC0-301F-11D3-BF4B-00C04F79EFBC}") = "Events.Application", "Events.Application\Events.Application.csproj", "{AB0EF7C1-905F-4C10-9E5A-D5543A625A20}"
EndProject
Project("{FAE04EC0-301F-11D3-BF4B-00C04F79EFBC}") = "Events.core", "Events.core\Events.core.csproj", "{62E4CB76-884C-4ED6-A5A7-01F56EF53664}"
EndProject
Project("{FAE04EC0-301F-11D3-BF4B-00C04F79EFBC}") = "Events.Infrastructure", "Events.Infrastructure\Events.Infrastructure.csproj", "{A869C9EF-B6BE-47FC-9E65-C47EAC3AC669}"
EndProject
Global
	GlobalSection(SolutionConfigurationPlatforms) = preSolution
		Debug|Any CPU = Debug|Any CPU
		Release|Any CPU = Release|Any CPU
	EndGlobalSection
	GlobalSection(ProjectConfigurationPlatforms) = postSolution
		{91A351DA-0104-4473-BCCC-E6492C6384BB}.Debug|Any CPU.ActiveCfg = Debug|Any CPU
		{91A351DA-0104-4473-BCCC-E6492C6384BB}.Debug|Any CPU.Build.0 = Debug|Any CPU
		{91A351DA-0104-4473-BCCC-E6492C6384BB}.Release|Any CPU.ActiveCfg = Release|Any CPU
		{91A351DA-0104-4473-BCCC-E6492C6384BB}.Release|Any CPU.Build.0 = Release|Any CPU
		{AB0EF7C1-905F-4C10-9E5A-D5543A625A20}.Debug|Any CPU.ActiveCfg = Debug|Any CPU
		{AB0EF7C1-905F-4C10-9E5A-D5543A625A20}.Debug|Any CPU.Build.0 = Debug|Any CPU
		{AB0EF7C1-905F-4C10-9E5A-D5543A625A20}.Release|Any CPU.ActiveCfg = Release|Any CPU
		{AB0EF7C1-905F-4C10-9E5A-D5543A625A20}.Release|Any CPU.Build.0 = Release|Any CPU
		{62E4CB76-884C-4ED6-A5A7-01F56EF53664}.Debug|Any CPU.ActiveCfg = Debug|Any CPU
		{62E4CB76-884C-4ED6-A5A7-01F56EF53664}.Debug|Any CPU.Build.0 = Debug|Any CPU
		{62E4CB76-884C-4ED6-A5A7-01F56EF53664}.Release|Any CPU.ActiveCfg = Release|Any CPU
		{62E4CB76-884C-4ED6-A5A7-01F56EF53664}.Release|Any CPU.Build.0 = Release|Any CPU
		{A869C9EF-B6BE-47FC-9E65-C47EAC3AC669}.Debug|Any CPU.ActiveCfg = Debug|Any CPU
		{A869C9EF-B6BE-47FC-9E65-C47EAC3AC669}.Debug|Any CPU.Build.0 = Debug|Any CPU
		{A869C9EF-B6BE-47FC-9E65-C47EAC3AC669}.Release|Any CPU.ActiveCfg = Release|Any CPU
		{A869C9EF-B6BE-47FC-9E65-C47EAC3AC669}.Release|Any CPU.Build.0 = Release|Any CPU
	EndGlobalSection
	GlobalSection(SolutionProperties) = preSolution
		HideSolutionNode = FALSE
	EndGlobalSection
	GlobalSection(ExtensibilityGlobals) = postSolution
		SolutionGuid = {CC1BBE61-3BA8-42A9-A200-0AA072C5C2E2}
	EndGlobalSection
EndGlobal
